PODS:
  - FLEX (1.1.1)
  - GPUImage (0.1.6)
  - OpenCV (2.4.9.1)

DEPENDENCIES:
  - FLEX
  - GPUImage
  - OpenCV

SPEC CHECKSUMS:
  FLEX: 8e53751b915759215d77c7c72b1c7bd28665dac2
  GPUImage: cecb0830bb9428f50192042e3c7b53810f51388e
  OpenCV: 4190ad68e79e1b9ae7ac53d749e96e8c05041e45

COCOAPODS: 0.34.4
