PODS:
  - FLEX (1.1.1)
  - GPUImage (0.1.6)
  - OpenCV (2.4.10)

DEPENDENCIES:
  - FLEX
  - GPUImage
  - OpenCV (= 2.4.10)

SPEC CHECKSUMS:
  FLEX: a58e34e78f83547b9aceedd53a8e8f85286682ec
  GPUImage: 4675ce4a5370ca92fcea8623b2a08b8f0c51b940
  OpenCV: 26e7fa4f6f727a50467c245b2eee1489f478d0f5

COCOAPODS: 0.38.2
